# generated by rye
# use `rye lock` or `rye sync` to update this lockfile
#
# last locked with the following flags:
#   pre: false
#   features: []
#   all-features: false
#   with-sources: false
#   generate-hashes: false
#   universal: false

-e file:.
aiohappyeyeballs==2.6.1
    # via aiohttp
aiohttp==3.13.2
    # via web3
aiosignal==1.4.0
    # via aiohttp
annotated-doc==0.0.4
    # via fastapi
annotated-types==0.7.0
    # via pydantic
anyio==4.12.0
    # via starlette
async-generator==1.10
    # via trio-typing
async-timeout==5.0.1
    # via aiohttp
attrs==25.4.0
    # via aiohttp
    # via outcome
    # via trio
base58==1.0.3
    # via multiaddr
    # via py-cid
    # via py-multihash
bitarray==3.8.0
    # via eth-account
cachetools==6.2.2
    # via google-auth
certifi==2025.11.12
    # via requests
charset-normalizer==3.4.4
    # via requests
ckzg==2.1.5
    # via eth-account
click==8.3.1
    # via uvicorn
cytoolz==1.1.0
    # via eth-utils
dnspython==2.8.0
    # via multiaddr
eth-abi==5.2.0
    # via eth-account
    # via web3
eth-account==0.13.7
    # via web3
eth-hash==0.7.1
    # via eth-utils
    # via web3
eth-keyfile==0.8.1
    # via eth-account
eth-keys==0.7.0
    # via eth-account
    # via eth-keyfile
eth-rlp==2.2.0
    # via eth-account
eth-typing==5.2.1
    # via eth-abi
    # via eth-keys
    # via eth-utils
    # via web3
eth-utils==5.3.1
    # via eth-abi
    # via eth-account
    # via eth-keyfile
    # via eth-keys
    # via eth-rlp
    # via rlp
    # via web3
exceptiongroup==1.3.1
    # via anyio
    # via trio
fastapi==0.123.9
    # via ai-agent
frozenlist==1.8.0
    # via aiohttp
    # via aiosignal
google-ai-generativelanguage==0.6.15
    # via google-generativeai
google-api-core==2.28.1
    # via google-ai-generativelanguage
    # via google-api-python-client
    # via google-generativeai
google-api-python-client==2.187.0
    # via google-generativeai
google-auth==2.43.0
    # via google-ai-generativelanguage
    # via google-api-core
    # via google-api-python-client
    # via google-auth-httplib2
    # via google-generativeai
google-auth-httplib2==0.2.1
    # via google-api-python-client
google-generativeai==0.8.5
    # via ai-agent
googleapis-common-protos==1.72.0
    # via google-api-core
    # via grpcio-status
grpcio==1.76.0
    # via google-api-core
    # via grpcio-status
grpcio-status==1.71.2
    # via google-api-core
h11==0.16.0
    # via uvicorn
hexbytes==1.3.1
    # via eth-account
    # via eth-rlp
    # via web3
httplib2==0.31.0
    # via google-api-python-client
    # via google-auth-httplib2
idna==3.11
    # via anyio
    # via multiaddr
    # via requests
    # via trio
    # via yarl
importlib-metadata==8.7.0
    # via trio-typing
ipfshttpclient==0.7.0
    # via ai-agent
morphys==1.0
    # via py-cid
    # via py-multibase
    # via py-multicodec
    # via py-multihash
multiaddr==0.1.0
    # via ipfshttpclient
multidict==6.7.0
    # via aiohttp
    # via yarl
mypy-extensions==1.1.0
    # via trio-typing
netaddr==1.3.0
    # via multiaddr
outcome==1.3.0.post0
    # via trio
packaging==25.0
    # via trio-typing
parsimonious==0.10.0
    # via eth-abi
propcache==0.4.1
    # via aiohttp
    # via yarl
proto-plus==1.26.1
    # via google-ai-generativelanguage
    # via google-api-core
protobuf==5.29.5
    # via google-ai-generativelanguage
    # via google-api-core
    # via google-generativeai
    # via googleapis-common-protos
    # via grpcio-status
    # via proto-plus
psutil==7.1.3
    # via multiaddr
py-cid==0.3.1
    # via multiaddr
py-multibase==1.0.3
    # via multiaddr
    # via py-cid
py-multicodec==0.2.1
    # via multiaddr
    # via py-cid
py-multihash==2.0.1
    # via multiaddr
pyasn1==0.6.1
    # via pyasn1-modules
    # via rsa
pyasn1-modules==0.4.2
    # via google-auth
pycryptodome==3.23.0
    # via eth-hash
    # via eth-keyfile
pydantic==2.12.5
    # via eth-account
    # via eth-utils
    # via fastapi
    # via google-generativeai
    # via web3
pydantic-core==2.41.5
    # via pydantic
pymultihash==0.8.2
    # via py-cid
pyparsing==3.2.5
    # via httplib2
python-baseconv==1.2.2
    # via py-multibase
python-dotenv==1.2.1
    # via ai-agent
python-multipart==0.0.20
    # via ai-agent
pyunormalize==17.0.0
    # via web3
pyyaml==6.0.3
    # via ai-agent
regex==2025.11.3
    # via parsimonious
requests==2.32.5
    # via google-api-core
    # via ipfshttpclient
    # via web3
rlp==4.1.0
    # via eth-account
    # via eth-rlp
rsa==4.9.1
    # via google-auth
six==1.17.0
    # via py-multibase
    # via py-multicodec
    # via py-multihash
sniffio==1.3.1
    # via trio
sortedcontainers==2.4.0
    # via trio
starlette==0.50.0
    # via fastapi
toolz==1.1.0
    # via cytoolz
tqdm==4.67.1
    # via google-generativeai
trio==0.32.0
    # via multiaddr
    # via trio-typing
trio-typing==0.10.0
    # via multiaddr
types-requests==2.32.4.20250913
    # via web3
typing-extensions==4.15.0
    # via aiosignal
    # via anyio
    # via eth-rlp
    # via eth-typing
    # via exceptiongroup
    # via fastapi
    # via google-generativeai
    # via grpcio
    # via multidict
    # via pydantic
    # via pydantic-core
    # via starlette
    # via trio-typing
    # via typing-inspection
    # via uvicorn
    # via web3
typing-inspection==0.4.2
    # via pydantic
uritemplate==4.2.0
    # via google-api-python-client
urllib3==2.5.0
    # via requests
    # via types-requests
uvicorn==0.38.0
    # via ai-agent
varint==1.0.2
    # via multiaddr
    # via py-multicodec
    # via py-multihash
web3==7.14.0
    # via ai-agent
websockets==15.0.1
    # via web3
yarl==1.22.0
    # via aiohttp
zipp==3.23.0
    # via importlib-metadata
